{
  "name": "test-folder",
  "lockfileVersion": 3,
  "requires": true,
  "packages": {
    "": {
      "dependencies": {
        "is-true-then-else-then": "^1.0.1"
      }
    },
    "node_modules/is-true-then-else-then": {
      "version": "1.0.1",
      "resolved": "https://registry.npmjs.org/is-true-then-else-then/-/is-true-then-else-then-1.0.1.tgz",
      "integrity": "sha512-Kc8AasKGs7iTnT+2Njj3Sn5Jh0KNnvPWeewUdySqMBFHibVvJI9PUpCV9sV5giBYTy1WUV5URjdGanagZa/vqQ=="
    }
  }
}
